// !$*UTF8*$!
{
	archiveVersion = 1;
	classes = {
	};
	objectVersion = 50;
	objects = {

/* Begin PBXBuildFile section */
		AA9D7DDF2625554600AE01B0 /* AppDelegate.swift in Sources */ = {isa = PBXBuildFile; fileRef = AA9D7DDE2625554600AE01B0 /* AppDelegate.swift */; };
		AA9D7DE12625554600AE01B0 /* SceneDelegate.swift in Sources */ = {isa = PBXBuildFile; fileRef = AA9D7DE02625554600AE01B0 /* SceneDelegate.swift */; };
		AA9D7DE32625554600AE01B0 /* ViewController.swift in Sources */ = {isa = PBXBuildFile; fileRef = AA9D7DE22625554600AE01B0 /* ViewController.swift */; };
		AA9D7DE62625554600AE01B0 /* Main.storyboard in Resources */ = {isa = PBXBuildFile; fileRef = AA9D7DE42625554600AE01B0 /* Main.storyboard */; };
		AA9D7DE82625554700AE01B0 /* Assets.xcassets in Resources */ = {isa = PBXBuildFile; fileRef = AA9D7DE72625554700AE01B0 /* Assets.xcassets */; };
		AA9D7DEB2625554700AE01B0 /* LaunchScreen.storyboard in Resources */ = {isa = PBXBuildFile; fileRef = AA9D7DE92625554700AE01B0 /* LaunchScreen.storyboard */; };
		AA9D7DF32625562500AE01B0 /* TablaVCTableViewController.swift in Sources */ = {isa = PBXBuildFile; fileRef = AA9D7DF22625562500AE01B0 /* TablaVCTableViewController.swift */; };
/* End PBXBuildFile section */

/* Begin PBXFileReference section */
		AA9D7DDB2625554600AE01B0 /* Actividad_10_MNP.app */ = {isa = PBXFileReference; explicitFileType = wrapper.application; includeInIndex = 0; path = Actividad_10_MNP.app; sourceTree = BUILT_PRODUCTS_DIR; };
		AA9D7DDE2625554600AE01B0 /* AppDelegate.swift */ = {isa = PBXFileReference; lastKnownFileType = sourcecode.swift; path = AppDelegate.swift; sourceTree = "<group>"; };
		AA9D7DE02625554600AE01B0 /* SceneDelegate.swift */ = {isa = PBXFileReference; lastKnownFileType = sourcecode.swift; path = SceneDelegate.swift; sourceTree = "<group>"; };
		AA9D7DE22625554600AE01B0 /* ViewController.swift */ = {isa = PBXFileReference; lastKnownFileType = sourcecode.swift; path = ViewController.swift; sourceTree = "<group>"; };
		AA9D7DE52625554600AE01B0 /* Base */ = {isa = PBXFileReference; lastKnownFileType = file.storyboard; name = Base; path = Base.lproj/Main.storyboard; sourceTree = "<group>"; };
		AA9D7DE72625554700AE01B0 /* Assets.xcassets */ = {isa = PBXFileReference; lastKnownFileType = folder.assetcatalog; path = Assets.xcassets; sourceTree = "<group>"; };
		AA9D7DEA2625554700AE01B0 /* Base */ = {isa = PBXFileReference; lastKnownFileType = file.storyboard; name = Base; path = Base.lproj/LaunchScreen.storyboard; sourceTree = "<group>"; };
		AA9D7DEC2625554700AE01B0 /* Info.plist */ = {isa = PBXFileReference; lastKnownFileType = text.plist.xml; path = Info.plist; sourceTree = "<group>"; };
		AA9D7DF22625562500AE01B0 /* TablaVCTableViewController.swift */ = {isa = PBXFileReference; lastKnownFileType = sourcecode.swift; path = TablaVCTableViewController.swift; sourceTree = "<group>"; };
/* End PBXFileReference section */

/* Begin PBXFrameworksBuildPhase section */
		AA9D7DD82625554600AE01B0 /* Frameworks */ = {
			isa = PBXFrameworksBuildPhase;
			buildActionMask = 2147483647;
			files = (
			);
			runOnlyForDeploymentPostprocessing = 0;
		};
/* End PBXFrameworksBuildPhase section */

/* Begin PBXGroup section */
		AA9D7DD22625554600AE01B0 = {
			isa = PBXGroup;
			children = (
				AA9D7DDD2625554600AE01B0 /* Actividad_10_MNP */,
				AA9D7DDC2625554600AE01B0 /* Products */,
			);
			sourceTree = "<group>";
		};
		AA9D7DDC2625554600AE01B0 /* Products */ = {
			isa = PBXGroup;
			children = (
				AA9D7DDB2625554600AE01B0 /* Actividad_10_MNP.app */,
			);
			name = Products;
			sourceTree = "<group>";
		};
		AA9D7DDD2625554600AE01B0 /* Actividad_10_MNP */ = {
			isa = PBXGroup;
			children = (
				AA9D7DDE2625554600AE01B0 /* AppDelegate.swift */,
				AA9D7DE02625554600AE01B0 /* SceneDelegate.swift */,
				AA9D7DE22625554600AE01B0 /* ViewController.swift */,
				AA9D7DE42625554600AE01B0 /* Main.storyboard */,
				AA9D7DE72625554700AE01B0 /* Assets.xcassets */,
				AA9D7DE92625554700AE01B0 /* LaunchScreen.storyboard */,
				AA9D7DEC2625554700AE01B0 /* Info.plist */,
				AA9D7DF22625562500AE01B0 /* TablaVCTableViewController.swift */,
			);
			path = Actividad_10_MNP;
			sourceTree = "<group>";
		};
/* End PBXGroup section */

/* Begin PBXNativeTarget section */
		AA9D7DDA2625554600AE01B0 /* Actividad_10_MNP */ = {
			isa = PBXNativeTarget;
			buildConfigurationList = AA9D7DEF2625554700AE01B0 /* Build configuration list for PBXNativeTarget "Actividad_10_MNP" */;
			buildPhases = (
				AA9D7DD72625554600AE01B0 /* Sources */,
				AA9D7DD82625554600AE01B0 /* Frameworks */,
				AA9D7DD92625554600AE01B0 /* Resources */,
			);
			buildRules = (
			);
			dependencies = (
			);
			name = Actividad_10_MNP;
			productName = Actividad_10_MNP;
			productReference = AA9D7DDB2625554600AE01B0 /* Actividad_10_MNP.app */;
			productType = "com.apple.product-type.application";
		};
/* End PBXNativeTarget section */

/* Begin PBXProject section */
		AA9D7DD32625554600AE01B0 /* Project object */ = {
			isa = PBXProject;
			attributes = {
				LastSwiftUpdateCheck = 1130;
				LastUpgradeCheck = 1130;
				ORGANIZATIONNAME = user190573;
				TargetAttributes = {
					AA9D7DDA2625554600AE01B0 = {
						CreatedOnToolsVersion = 11.3.1;
					};
				};
			};
			buildConfigurationList = AA9D7DD62625554600AE01B0 /* Build configuration list for PBXProject "Actividad_10_MNP" */;
			compatibilityVersion = "Xcode 9.3";
			developmentRegion = en;
			hasScannedForEncodings = 0;
			knownRegions = (
				en,
				Base,
			);
			mainGroup = AA9D7DD22625554600AE01B0;
			productRefGroup = AA9D7DDC2625554600AE01B0 /* Products */;
			projectDirPath = "";
			projectRoot = "";
			targets = (
				AA9D7DDA2625554600AE01B0 /* Actividad_10_MNP */,
			);
		};
/* End PBXProject section */

/* Begin PBXResourcesBuildPhase section */
		AA9D7DD92625554600AE01B0 /* Resources */ = {
			isa = PBXResourcesBuildPhase;
			buildActionMask = 2147483647;
			files = (
				AA9D7DEB2625554700AE01B0 /* LaunchScreen.storyboard in Resources */,
				AA9D7DE82625554700AE01B0 /* Assets.xcassets in Resources */,
				AA9D7DE62625554600AE01B0 /* Main.storyboard in Resources */,
			);
			runOnlyForDeploymentPostprocessing = 0;
		};
/* End PBXResourcesBuildPhase section */

/* Begin PBXSourcesBuildPhase section */
		AA9D7DD72625554600AE01B0 /* Sources */ = {
			isa = PBXSourcesBuildPhase;
			buildActionMask = 2147483647;
			files = (
				AA9D7DE32625554600AE01B0 /* ViewController.swift in Sources */,
				AA9D7DDF2625554600AE01B0 /* AppDelegate.swift in Sources */,
				AA9D7DF32625562500AE01B0 /* TablaVCTableViewController.swift in Sources */,
				AA9D7DE12625554600AE01B0 /* SceneDelegate.swift in Sources */,
			);
			runOnlyForDeploymentPostprocessing = 0;
		};
/* End PBXSourcesBuildPhase section */

/* Begin PBXVariantGroup section */
		AA9D7DE42625554600AE01B0 /* Main.storyboard */ = {
			isa = PBXVariantGroup;
			children = (
				AA9D7DE52625554600AE01B0 /* Base */,
			);
			name = Main.storyboard;
			sourceTree = "<group>";
		};
		AA9D7DE92625554700AE01B0 /* LaunchScreen.storyboard */ = {
			isa = PBXVariantGroup;
			children = (
				AA9D7DEA2625554700AE01B0 /* Base */,
			);
			name = LaunchScreen.storyboard;
			sourceTree = "<group>";
		};
/* End PBXVariantGroup section */

/* Begin XCBuildConfiguration section */
		AA9D7DED2625554700AE01B0 /* Debug */ = {
			isa = XCBuildConfiguration;
			buildSettings = {
				ALWAYS_SEARCH_USER_PATHS = NO;
				CLANG_ANALYZER_NONNULL = YES;
				CLANG_ANALYZER_NUMBER_OBJECT_CONVERSION = YES_AGGRESSIVE;
				CLANG_CXX_LANGUAGE_STANDARD = "gnu++14";
				CLANG_CXX_LIBRARY = "libc++";
				CLANG_ENABLE_MODULES = YES;
				CLANG_ENABLE_OBJC_ARC = YES;
				CLANG_ENABLE_OBJC_WEAK = YES;
				CLANG_WARN_BLOCK_CAPTURE_AUTORELEASING = YES;
				CLANG_WARN_BOOL_CONVERSION = YES;
				CLANG_WARN_COMMA = YES;
				CLANG_WARN_CONSTANT_CONVERSION = YES;
				CLANG_WARN_DEPRECATED_OBJC_IMPLEMENTATIONS = YES;
				CLANG_WARN_DIRECT_OBJC_ISA_USAGE = YES_ERROR;
				CLANG_WARN_DOCUMENTATION_COMMENTS = YES;
				CLANG_WARN_EMPTY_BODY = YES;
				CLANG_WARN_ENUM_CONVERSION = YES;
				CLANG_WARN_INFINITE_RECURSION = YES;
				CLANG_WARN_INT_CONVERSION = YES;
				CLANG_WARN_NON_LITERAL_NULL_CONVERSION = YES;
				CLANG_WARN_OBJC_IMPLICIT_RETAIN_SELF = YES;
				CLANG_WARN_OBJC_LITERAL_CONVERSION = YES;
				CLANG_WARN_OBJC_ROOT_CLASS = YES_ERROR;
				CLANG_WARN_RANGE_LOOP_ANALYSIS = YES;
				CLANG_WARN_STRICT_PROTOTYPES = YES;
				CLANG_WARN_SUSPICIOUS_MOVE = YES;
				CLANG_WARN_UNGUARDED_AVAILABILITY = YES_AGGRESSIVE;
				CLANG_WARN_UNREACHABLE_CODE = YES;
				CLANG_WARN__DUPLICATE_METHOD_MATCH = YES;
				COPY_PHASE_STRIP = NO;
				DEBUG_INFORMATION_FORMAT = dwarf;
				ENABLE_STRICT_OBJC_MSGSEND = YES;
				ENABLE_TESTABILITY = YES;
				GCC_C_LANGUAGE_STANDARD = gnu11;
				GCC_DYNAMIC_NO_PIC = NO;
				GCC_NO_COMMON_BLOCKS = YES;
				GCC_OPTIMIZATION_LEVEL = 0;
				GCC_PREPROCESSOR_DEFINITIONS = (
					"DEBUG=1",
					"$(inherited)",
				);
				GCC_WARN_64_TO_32_BIT_CONVERSION = YES;
				GCC_WARN_ABOUT_RETURN_TYPE = YES_ERROR;
				GCC_WARN_UNDECLARED_SELECTOR = YES;
				GCC_WARN_UNINITIALIZED_AUTOS = YES_AGGRESSIVE;
				GCC_WARN_UNUSED_FUNCTION = YES;
				GCC_WARN_UNUSED_VARIABLE = YES;
				IPHONEOS_DEPLOYMENT_TARGET = 13.2;
				MTL_ENABLE_DEBUG_INFO = INCLUDE_SOURCE;
				MTL_FAST_MATH = YES;
				ONLY_ACTIVE_ARCH = YES;
				SDKROOT = iphoneos;
				SWIFT_ACTIVE_COMPILATION_CONDITIONS = DEBUG;
				SWIFT_OPTIMIZATION_LEVEL = "-Onone";
			};
			name = Debug;
		};
		AA9D7DEE2625554700AE01B0 /* Release */ = {
			isa = XCBuildConfiguration;
			buildSettings = {
				ALWAYS_SEARCH_USER_PATHS = NO;
				CLANG_ANALYZER_NONNULL = YES;
				CLANG_ANALYZER_NUMBER_OBJECT_CONVERSION = YES_AGGRESSIVE;
				CLANG_CXX_LANGUAGE_STANDARD = "gnu++14";
				CLANG_CXX_LIBRARY = "libc++";
				CLANG_ENABLE_MODULES = YES;
				CLANG_ENABLE_OBJC_ARC = YES;
				CLANG_ENABLE_OBJC_WEAK = YES;
				CLANG_WARN_BLOCK_CAPTURE_AUTORELEASING = YES;
				CLANG_WARN_BOOL_CONVERSION = YES;
				CLANG_WARN_COMMA = YES;
				CLANG_WARN_CONSTANT_CONVERSION = YES;
				CLANG_WARN_DEPRECATED_OBJC_IMPLEMENTATIONS = YES;
				CLANG_WARN_DIRECT_OBJC_ISA_USAGE = YES_ERROR;
				CLANG_WARN_DOCUMENTATION_COMMENTS = YES;
				CLANG_WARN_EMPTY_BODY = YES;
				CLANG_WARN_ENUM_CONVERSION = YES;
				CLANG_WARN_INFINITE_RECURSION = YES;
				CLANG_WARN_INT_CONVERSION = YES;
				CLANG_WARN_NON_LITERAL_NULL_CONVERSION = YES;
				CLANG_WARN_OBJC_IMPLICIT_RETAIN_SELF = YES;
				CLANG_WARN_OBJC_LITERAL_CONVERSION = YES;
				CLANG_WARN_OBJC_ROOT_CLASS = YES_ERROR;
				CLANG_WARN_RANGE_LOOP_ANALYSIS = YES;
				CLANG_WARN_STRICT_PROTOTYPES = YES;
				CLANG_WARN_SUSPICIOUS_MOVE = YES;
				CLANG_WARN_UNGUARDED_AVAILABILITY = YES_AGGRESSIVE;
				CLANG_WARN_UNREACHABLE_CODE = YES;
				CLANG_WARN__DUPLICATE_METHOD_MATCH = YES;
				COPY_PHASE_STRIP = NO;
				DEBUG_INFORMATION_FORMAT = "dwarf-with-dsym";
				ENABLE_NS_ASSERTIONS = NO;
				ENABLE_STRICT_OBJC_MSGSEND = YES;
				GCC_C_LANGUAGE_STANDARD = gnu11;
				GCC_NO_COMMON_BLOCKS = YES;
				GCC_WARN_64_TO_32_BIT_CONVERSION = YES;
				GCC_WARN_ABOUT_RETURN_TYPE = YES_ERROR;
				GCC_WARN_UNDECLARED_SELECTOR = YES;
				GCC_WARN_UNINITIALIZED_AUTOS = YES_AGGRESSIVE;
				GCC_WARN_UNUSED_FUNCTION = YES;
				GCC_WARN_UNUSED_VARIABLE = YES;
				IPHONEOS_DEPLOYMENT_TARGET = 13.2;
				MTL_ENABLE_DEBUG_INFO = NO;
				MTL_FAST_MATH = YES;
				SDKROOT = iphoneos;
				SWIFT_COMPILATION_MODE = wholemodule;
				SWIFT_OPTIMIZATION_LEVEL = "-O";
				VALIDATE_PRODUCT = YES;
			};
			name = Release;
		};
		AA9D7DF02625554700AE01B0 /* Debug */ = {
			isa = XCBuildConfiguration;
			buildSettings = {
				ASSETCATALOG_COMPILER_APPICON_NAME = AppIcon;
				CODE_SIGN_STYLE = Automatic;
				INFOPLIST_FILE = Actividad_10_MNP/Info.plist;
				LD_RUNPATH_SEARCH_PATHS = (
					"$(inherited)",
					"@executable_path/Frameworks",
				);
				PRODUCT_BUNDLE_IDENTIFIER = "com.tecmilenio.Actividad-10-MNP";
				PRODUCT_NAME = "$(TARGET_NAME)";
				SWIFT_VERSION = 5.0;
				TARGETED_DEVICE_FAMILY = "1,2";
			};
			name = Debug;
		};
		AA9D7DF12625554700AE01B0 /* Release */ = {
			isa = XCBuildConfiguration;
			buildSettings = {
				ASSETCATALOG_COMPILER_APPICON_NAME = AppIcon;
				CODE_SIGN_STYLE = Automatic;
				INFOPLIST_FILE = Actividad_10_MNP/Info.plist;
				LD_RUNPATH_SEARCH_PATHS = (
					"$(inherited)",
					"@executable_path/Frameworks",
				);
				PRODUCT_BUNDLE_IDENTIFIER = "com.tecmilenio.Actividad-10-MNP";
				PRODUCT_NAME = "$(TARGET_NAME)";
				SWIFT_VERSION = 5.0;
				TARGETED_DEVICE_FAMILY = "1,2";
			};
			name = Release;
		};
/* End XCBuildConfiguration section */

/* Begin XCConfigurationList section */
		AA9D7DD62625554600AE01B0 /* Build configuration list for PBXProject "Actividad_10_MNP" */ = {
			isa = XCConfigurationList;
			buildConfigurations = (
				AA9D7DED2625554700AE01B0 /* Debug */,
				AA9D7DEE2625554700AE01B0 /* Release */,
			);
			defaultConfigurationIsVisible = 0;
			defaultConfigurationName = Release;
		};
		AA9D7DEF2625554700AE01B0 /* Build configuration list for PBXNativeTarget "Actividad_10_MNP" */ = {
			isa = XCConfigurationList;
			buildConfigurations = (
				AA9D7DF02625554700AE01B0 /* Debug */,
				AA9D7DF12625554700AE01B0 /* Release */,
			);
			defaultConfigurationIsVisible = 0;
			defaultConfigurationName = Release;
		};
/* End XCConfigurationList section */
	};
	rootObject = AA9D7DD32625554600AE01B0 /* Project object */;
}
